
Microsoft Visual Studio Solution File, Format Version 12.00
# Visual Studio Version 17
VisualStudioVersion = 17.5.33424.131
MinimumVisualStudioVersion = 10.0.40219.1
Project("{9A19103F-16F7-4668-BE54-9A1E7A4F7556}") = "migrateDB", "migrateDB\migrateDB.csproj", "{20A5F5C4-15E6-4D30-920B-EBBFF0BEBC67}"
EndProject
Global
	GlobalSection(SolutionConfigurationPlatforms) = preSolution
		Debug|Any CPU = Debug|Any CPU
		Release|Any CPU = Release|Any CPU
	EndGlobalSection
	GlobalSection(ProjectConfigurationPlatforms) = postSolution
		{20A5F5C4-15E6-4D30-920B-EBBFF0BEBC67}.Debug|Any CPU.ActiveCfg = Debug|Any CPU
		{20A5F5C4-15E6-4D30-920B-EBBFF0BEBC67}.Debug|Any CPU.Build.0 = Debug|Any CPU
		{20A5F5C4-15E6-4D30-920B-EBBFF0BEBC67}.Release|Any CPU.ActiveCfg = Release|Any CPU
		{20A5F5C4-15E6-4D30-920B-EBBFF0BEBC67}.Release|Any CPU.Build.0 = Release|Any CPU
	EndGlobalSection
	GlobalSection(SolutionProperties) = preSolution
		HideSolutionNode = FALSE
	EndGlobalSection
	GlobalSection(ExtensibilityGlobals) = postSolution
		SolutionGuid = {0484475B-6B26-4765-92E9-13891088220D}
	EndGlobalSection
EndGlobal
